
Microsoft Visual Studio Solution File, Format Version 12.00
# Visual Studio 15
VisualStudioVersion = 15.0.28307.572
MinimumVisualStudioVersion = 10.0.40219.1
Project("{FAE04EC0-301F-11D3-BF4B-00C04F79EFBC}") = "MLD.Api", "MLD.Api\MLD.Api.csproj", "{214D5468-FCA6-4271-AC36-A308365A6048}"
EndProject
Project("{FAE04EC0-301F-11D3-BF4B-00C04F79EFBC}") = "MLD.Service.Order", "MLD.Service.Order\MLD.Service.Order.csproj", "{FBAF9896-215F-4485-BCCE-84055F49F9DC}"
EndProject
Global
	GlobalSection(SolutionConfigurationPlatforms) = preSolution
		Debug|Any CPU = Debug|Any CPU
		Release|Any CPU = Release|Any CPU
	EndGlobalSection
	GlobalSection(ProjectConfigurationPlatforms) = postSolution
		{214D5468-FCA6-4271-AC36-A308365A6048}.Debug|Any CPU.ActiveCfg = Debug|Any CPU
		{214D5468-FCA6-4271-AC36-A308365A6048}.Debug|Any CPU.Build.0 = Debug|Any CPU
		{214D5468-FCA6-4271-AC36-A308365A6048}.Release|Any CPU.ActiveCfg = Release|Any CPU
		{214D5468-FCA6-4271-AC36-A308365A6048}.Release|Any CPU.Build.0 = Release|Any CPU
		{FBAF9896-215F-4485-BCCE-84055F49F9DC}.Debug|Any CPU.ActiveCfg = Debug|Any CPU
		{FBAF9896-215F-4485-BCCE-84055F49F9DC}.Debug|Any CPU.Build.0 = Debug|Any CPU
		{FBAF9896-215F-4485-BCCE-84055F49F9DC}.Release|Any CPU.ActiveCfg = Release|Any CPU
		{FBAF9896-215F-4485-BCCE-84055F49F9DC}.Release|Any CPU.Build.0 = Release|Any CPU
	EndGlobalSection
	GlobalSection(SolutionProperties) = preSolution
		HideSolutionNode = FALSE
	EndGlobalSection
	GlobalSection(ExtensibilityGlobals) = postSolution
		SolutionGuid = {3928183F-612C-458D-8208-D0048BEA68FB}
	EndGlobalSection
EndGlobal
